
Microsoft Visual Studio Solution File, Format Version 12.00
# Visual Studio Version 16
VisualStudioVersion = 16.0.30330.147
MinimumVisualStudioVersion = 10.0.40219.1
Project("{2150E333-8FDC-42A3-9474-1A3956D46DE8}") = "Tools", "Tools", "{A5C714B5-FAB7-4934-9761-71E0CE785B8F}"
EndProject
Project("{2150E333-8FDC-42A3-9474-1A3956D46DE8}") = "Tests", "Tests", "{9F4A05C3-ADFD-411D-9151-FBA5463C8441}"
EndProject
Project("{FAE04EC0-301F-11D3-BF4B-00C04F79EFBC}") = "MDSManager", "MDSManager\MDSManager.csproj", "{FD323317-5B22-413C-8ADC-6701C2B7EB76}"
EndProject
Project("{FAE04EC0-301F-11D3-BF4B-00C04F79EFBC}") = "MDSServiceProxyGenerator", "Tools\MDSServiceProxyGenerator\MDSServiceProxyGenerator.csproj", "{B49D18FF-DD77-46A4-880A-F0B9598C6070}"
EndProject
Project("{FAE04EC0-301F-11D3-BF4B-00C04F79EFBC}") = "ServerTest", "Tests\ServerTest\ServerTest.csproj", "{4B4B3551-78B8-4CE2-BD0A-98E8EC496E80}"
EndProject
Project("{9A19103F-16F7-4668-BE54-9A1E7A4F7556}") = "DotNetMQ", "DotNetMQ\DotNetMQ.csproj", "{1FAA16CD-D910-410D-BFFF-7E66628DD24C}"
EndProject
Project("{9A19103F-16F7-4668-BE54-9A1E7A4F7556}") = "DotNetMQ.Common", "DotNetMQ.Common\DotNetMQ.Common.csproj", "{CD06268B-A0B9-42DF-8860-BF4FC26FF5DD}"
EndProject
Project("{9A19103F-16F7-4668-BE54-9A1E7A4F7556}") = "DotNetMQ.Server", "DotNetMQ.Server\DotNetMQ.Server.csproj", "{F86434CF-EFC8-4A4C-B160-BF6F5F7CA870}"
EndProject
Project("{FAE04EC0-301F-11D3-BF4B-00C04F79EFBC}") = "DotNetMQ.SqliteStorage", "DotNetMQ.SqliteStorage\DotNetMQ.SqliteStorage.csproj", "{F7323C05-D05E-4F2A-B1A4-AAD4E9F0197E}"
EndProject
Project("{2150E333-8FDC-42A3-9474-1A3956D46DE8}") = "Storage", "Storage", "{0797833F-EE14-402F-BA4F-A43983DE2F11}"
EndProject
Project("{9A19103F-16F7-4668-BE54-9A1E7A4F7556}") = "DotNetMQ.MySqlODBCStorage", "DotNetMQ.MySqlODBCStorage\DotNetMQ.MySqlODBCStorage.csproj", "{3EEB0460-0719-4428-9201-1225B68ECCE9}"
EndProject
Project("{9A19103F-16F7-4668-BE54-9A1E7A4F7556}") = "DotNetMQ.MySqlDataStorage", "DotNetMQ.MySqlDataStorage\DotNetMQ.MySqlDataStorage.csproj", "{5E2D2776-831C-4788-A105-1C50D2EB00DC}"
EndProject
Project("{FAE04EC0-301F-11D3-BF4B-00C04F79EFBC}") = "DotNetMQ.MsSqlStorage", "DotNetMQ.MsSqlStorage\DotNetMQ.MsSqlStorage.csproj", "{088A1CFB-4A34-41F9-9957-27624AD5373F}"
EndProject
Project("{9A19103F-16F7-4668-BE54-9A1E7A4F7556}") = "DotNetMQ.MySqlConnectorStorage", "DotNetMQ.MySqlConnectorStorage\DotNetMQ.MySqlConnectorStorage.csproj", "{FEF5EBD3-E9A2-45F3-972E-3C595951C929}"
EndProject
Global
	GlobalSection(SolutionConfigurationPlatforms) = preSolution
		Debug|Any CPU = Debug|Any CPU
		Release|Any CPU = Release|Any CPU
	EndGlobalSection
	GlobalSection(ProjectConfigurationPlatforms) = postSolution
		{FD323317-5B22-413C-8ADC-6701C2B7EB76}.Debug|Any CPU.ActiveCfg = Debug|Any CPU
		{FD323317-5B22-413C-8ADC-6701C2B7EB76}.Debug|Any CPU.Build.0 = Debug|Any CPU
		{FD323317-5B22-413C-8ADC-6701C2B7EB76}.Release|Any CPU.ActiveCfg = Release|Any CPU
		{FD323317-5B22-413C-8ADC-6701C2B7EB76}.Release|Any CPU.Build.0 = Release|Any CPU
		{B49D18FF-DD77-46A4-880A-F0B9598C6070}.Debug|Any CPU.ActiveCfg = Debug|Any CPU
		{B49D18FF-DD77-46A4-880A-F0B9598C6070}.Debug|Any CPU.Build.0 = Debug|Any CPU
		{B49D18FF-DD77-46A4-880A-F0B9598C6070}.Release|Any CPU.ActiveCfg = Release|Any CPU
		{B49D18FF-DD77-46A4-880A-F0B9598C6070}.Release|Any CPU.Build.0 = Release|Any CPU
		{4B4B3551-78B8-4CE2-BD0A-98E8EC496E80}.Debug|Any CPU.ActiveCfg = Debug|Any CPU
		{4B4B3551-78B8-4CE2-BD0A-98E8EC496E80}.Debug|Any CPU.Build.0 = Debug|Any CPU
		{4B4B3551-78B8-4CE2-BD0A-98E8EC496E80}.Release|Any CPU.ActiveCfg = Release|Any CPU
		{4B4B3551-78B8-4CE2-BD0A-98E8EC496E80}.Release|Any CPU.Build.0 = Release|Any CPU
		{1FAA16CD-D910-410D-BFFF-7E66628DD24C}.Debug|Any CPU.ActiveCfg = Debug|Any CPU
		{1FAA16CD-D910-410D-BFFF-7E66628DD24C}.Debug|Any CPU.Build.0 = Debug|Any CPU
		{1FAA16CD-D910-410D-BFFF-7E66628DD24C}.Release|Any CPU.ActiveCfg = Release|Any CPU
		{1FAA16CD-D910-410D-BFFF-7E66628DD24C}.Release|Any CPU.Build.0 = Release|Any CPU
		{CD06268B-A0B9-42DF-8860-BF4FC26FF5DD}.Debug|Any CPU.ActiveCfg = Debug|Any CPU
		{CD06268B-A0B9-42DF-8860-BF4FC26FF5DD}.Debug|Any CPU.Build.0 = Debug|Any CPU
		{CD06268B-A0B9-42DF-8860-BF4FC26FF5DD}.Release|Any CPU.ActiveCfg = Release|Any CPU
		{CD06268B-A0B9-42DF-8860-BF4FC26FF5DD}.Release|Any CPU.Build.0 = Release|Any CPU
		{F86434CF-EFC8-4A4C-B160-BF6F5F7CA870}.Debug|Any CPU.ActiveCfg = Debug|Any CPU
		{F86434CF-EFC8-4A4C-B160-BF6F5F7CA870}.Debug|Any CPU.Build.0 = Debug|Any CPU
		{F86434CF-EFC8-4A4C-B160-BF6F5F7CA870}.Release|Any CPU.ActiveCfg = Release|Any CPU
		{F86434CF-EFC8-4A4C-B160-BF6F5F7CA870}.Release|Any CPU.Build.0 = Release|Any CPU
		{F7323C05-D05E-4F2A-B1A4-AAD4E9F0197E}.Debug|Any CPU.ActiveCfg = Debug|Any CPU
		{F7323C05-D05E-4F2A-B1A4-AAD4E9F0197E}.Debug|Any CPU.Build.0 = Debug|Any CPU
		{F7323C05-D05E-4F2A-B1A4-AAD4E9F0197E}.Release|Any CPU.ActiveCfg = Release|Any CPU
		{F7323C05-D05E-4F2A-B1A4-AAD4E9F0197E}.Release|Any CPU.Build.0 = Release|Any CPU
		{3EEB0460-0719-4428-9201-1225B68ECCE9}.Debug|Any CPU.ActiveCfg = Debug|Any CPU
		{3EEB0460-0719-4428-9201-1225B68ECCE9}.Debug|Any CPU.Build.0 = Debug|Any CPU
		{3EEB0460-0719-4428-9201-1225B68ECCE9}.Release|Any CPU.ActiveCfg = Release|Any CPU
		{3EEB0460-0719-4428-9201-1225B68ECCE9}.Release|Any CPU.Build.0 = Release|Any CPU
		{5E2D2776-831C-4788-A105-1C50D2EB00DC}.Debug|Any CPU.ActiveCfg = Debug|Any CPU
		{5E2D2776-831C-4788-A105-1C50D2EB00DC}.Debug|Any CPU.Build.0 = Debug|Any CPU
		{5E2D2776-831C-4788-A105-1C50D2EB00DC}.Release|Any CPU.ActiveCfg = Release|Any CPU
		{5E2D2776-831C-4788-A105-1C50D2EB00DC}.Release|Any CPU.Build.0 = Release|Any CPU
		{088A1CFB-4A34-41F9-9957-27624AD5373F}.Debug|Any CPU.ActiveCfg = Debug|Any CPU
		{088A1CFB-4A34-41F9-9957-27624AD5373F}.Debug|Any CPU.Build.0 = Debug|Any CPU
		{088A1CFB-4A34-41F9-9957-27624AD5373F}.Release|Any CPU.ActiveCfg = Release|Any CPU
		{088A1CFB-4A34-41F9-9957-27624AD5373F}.Release|Any CPU.Build.0 = Release|Any CPU
		{FEF5EBD3-E9A2-45F3-972E-3C595951C929}.Debug|Any CPU.ActiveCfg = Debug|Any CPU
		{FEF5EBD3-E9A2-45F3-972E-3C595951C929}.Debug|Any CPU.Build.0 = Debug|Any CPU
		{FEF5EBD3-E9A2-45F3-972E-3C595951C929}.Release|Any CPU.ActiveCfg = Release|Any CPU
		{FEF5EBD3-E9A2-45F3-972E-3C595951C929}.Release|Any CPU.Build.0 = Release|Any CPU
	EndGlobalSection
	GlobalSection(SolutionProperties) = preSolution
		HideSolutionNode = FALSE
	EndGlobalSection
	GlobalSection(NestedProjects) = preSolution
		{B49D18FF-DD77-46A4-880A-F0B9598C6070} = {A5C714B5-FAB7-4934-9761-71E0CE785B8F}
		{4B4B3551-78B8-4CE2-BD0A-98E8EC496E80} = {9F4A05C3-ADFD-411D-9151-FBA5463C8441}
		{F7323C05-D05E-4F2A-B1A4-AAD4E9F0197E} = {0797833F-EE14-402F-BA4F-A43983DE2F11}
		{3EEB0460-0719-4428-9201-1225B68ECCE9} = {0797833F-EE14-402F-BA4F-A43983DE2F11}
		{5E2D2776-831C-4788-A105-1C50D2EB00DC} = {0797833F-EE14-402F-BA4F-A43983DE2F11}
		{088A1CFB-4A34-41F9-9957-27624AD5373F} = {0797833F-EE14-402F-BA4F-A43983DE2F11}
		{FEF5EBD3-E9A2-45F3-972E-3C595951C929} = {0797833F-EE14-402F-BA4F-A43983DE2F11}
	EndGlobalSection
	GlobalSection(ExtensibilityGlobals) = postSolution
		SolutionGuid = {F547F1B2-4D87-40F4-ADC9-B709BFB1947A}
	EndGlobalSection
EndGlobal
